
Microsoft Visual Studio Solution File, Format Version 12.00
# Visual Studio Version 16
VisualStudioVersion = 16.0.30621.155
MinimumVisualStudioVersion = 10.0.40219.1
Project("{FAE04EC0-301F-11D3-BF4B-00C04F79EFBC}") = "CalculateTheHeat", "CalculateTheHeat.csproj", "{766714CF-249B-446A-9CE2-436C7252B452}"
EndProject
Global
	GlobalSection(SolutionConfigurationPlatforms) = preSolution
		Debug|Any CPU = Debug|Any CPU
		Release|Any CPU = Release|Any CPU
	EndGlobalSection
	GlobalSection(ProjectConfigurationPlatforms) = postSolution
		{766714CF-249B-446A-9CE2-436C7252B452}.Debug|Any CPU.ActiveCfg = Debug|Any CPU
		{766714CF-249B-446A-9CE2-436C7252B452}.Debug|Any CPU.Build.0 = Debug|Any CPU
		{766714CF-249B-446A-9CE2-436C7252B452}.Release|Any CPU.ActiveCfg = Release|Any CPU
		{766714CF-249B-446A-9CE2-436C7252B452}.Release|Any CPU.Build.0 = Release|Any CPU
	EndGlobalSection
	GlobalSection(SolutionProperties) = preSolution
		HideSolutionNode = FALSE
	EndGlobalSection
	GlobalSection(ExtensibilityGlobals) = postSolution
		SolutionGuid = {3745694E-91D2-490A-81E5-F88442AA86DC}
	EndGlobalSection
EndGlobal
